{
  "version": "v1",
  "packages": {
    "@medusajs/product": {
      "signature": "aa9f7b87d54ca8acf59720edc7a5f4e6",
      "file": true
    },
    "@medusajs/admin-sdk": {
      "signature": "5856bb54b03b0f33a64645beda23d785",
      "file": true
    },
    "@medusajs/framework": {
      "signature": "98ddefea360d0c41ba5859be9a9c7fa6",
      "file": true
    },
    "@medusajs/medusa": {
      "signature": "080e6ccd15c52da1181e9c5ccbeafacf",
      "file": true
    },
    "@medusajs/cli": {
      "signature": "e69a621dfdc6cfc802dfcec632126c42",
      "file": true,
      "replaced": "file:.yalc/@medusajs/medusa-cli"
    }
  }
}